
Microsoft Visual Studio Solution File, Format Version 12.00
# Visual Studio 2013
VisualStudioVersion = 12.0.21005.1
MinimumVisualStudioVersion = 10.0.40219.1
Project("{FAE04EC0-301F-11D3-BF4B-00C04F79EFBC}") = "TaxiServiceOne", "TaxiServiceOne\TaxiServiceOne.csproj", "{C5FB5129-703A-4239-B489-D41C50A0EF48}"
EndProject
Project("{2150E333-8FDC-42A3-9474-1A3956D46DE8}") = ".nuget", ".nuget", "{2B8FB1DF-66E9-41A8-AC03-7001D57EFD0E}"
	ProjectSection(SolutionItems) = preProject
		.nuget\packages.config = .nuget\packages.config
	EndProjectSection
EndProject
Global
	GlobalSection(SolutionConfigurationPlatforms) = preSolution
		Debug|Any CPU = Debug|Any CPU
		Release|Any CPU = Release|Any CPU
	EndGlobalSection
	GlobalSection(ProjectConfigurationPlatforms) = postSolution
		{C5FB5129-703A-4239-B489-D41C50A0EF48}.Debug|Any CPU.ActiveCfg = Debug|Any CPU
		{C5FB5129-703A-4239-B489-D41C50A0EF48}.Debug|Any CPU.Build.0 = Debug|Any CPU
		{C5FB5129-703A-4239-B489-D41C50A0EF48}.Release|Any CPU.ActiveCfg = Release|Any CPU
		{C5FB5129-703A-4239-B489-D41C50A0EF48}.Release|Any CPU.Build.0 = Release|Any CPU
	EndGlobalSection
	GlobalSection(SolutionProperties) = preSolution
		HideSolutionNode = FALSE
	EndGlobalSection
EndGlobal
